
Microsoft Visual Studio Solution File, Format Version 12.00
# Visual Studio Version 16
VisualStudioVersion = 16.0.31624.102
MinimumVisualStudioVersion = 10.0.40219.1
Project("{9A19103F-16F7-4668-BE54-9A1E7A4F7556}") = "Pizzeria", "Pizzeria\Pizzeria.csproj", "{43C55547-71E1-480E-B89D-7FF46FB1BAA3}"
EndProject
Project("{FAE04EC0-301F-11D3-BF4B-00C04F79EFBC}") = "Tests", "Tests\Tests.csproj", "{1FB4D7EE-0E1C-4AF4-B0BD-2CE351ED449D}"
EndProject
Global
	GlobalSection(SolutionConfigurationPlatforms) = preSolution
		Debug|Any CPU = Debug|Any CPU
		Release|Any CPU = Release|Any CPU
	EndGlobalSection
	GlobalSection(ProjectConfigurationPlatforms) = postSolution
		{43C55547-71E1-480E-B89D-7FF46FB1BAA3}.Debug|Any CPU.ActiveCfg = Debug|Any CPU
		{43C55547-71E1-480E-B89D-7FF46FB1BAA3}.Debug|Any CPU.Build.0 = Debug|Any CPU
		{43C55547-71E1-480E-B89D-7FF46FB1BAA3}.Release|Any CPU.ActiveCfg = Release|Any CPU
		{43C55547-71E1-480E-B89D-7FF46FB1BAA3}.Release|Any CPU.Build.0 = Release|Any CPU
		{1FB4D7EE-0E1C-4AF4-B0BD-2CE351ED449D}.Debug|Any CPU.ActiveCfg = Debug|Any CPU
		{1FB4D7EE-0E1C-4AF4-B0BD-2CE351ED449D}.Debug|Any CPU.Build.0 = Debug|Any CPU
		{1FB4D7EE-0E1C-4AF4-B0BD-2CE351ED449D}.Release|Any CPU.ActiveCfg = Release|Any CPU
		{1FB4D7EE-0E1C-4AF4-B0BD-2CE351ED449D}.Release|Any CPU.Build.0 = Release|Any CPU
	EndGlobalSection
	GlobalSection(SolutionProperties) = preSolution
		HideSolutionNode = FALSE
	EndGlobalSection
	GlobalSection(ExtensibilityGlobals) = postSolution
		SolutionGuid = {D5BE190C-0084-484B-8BFF-6A9147682B3C}
	EndGlobalSection
EndGlobal
